// !$*UTF8*$!
{
	archiveVersion = 1;
	classes = {
	};
	objectVersion = 55;
	objects = {

/* Begin PBXBuildFile section */
		3629407F2693F18E00B486D2 /* ViewControllerSwiftUiApp.swift in Sources */ = {isa = PBXBuildFile; fileRef = 3629407E2693F18E00B486D2 /* ViewControllerSwiftUiApp.swift */; };
		362940812693F18E00B486D2 /* ContentView.swift in Sources */ = {isa = PBXBuildFile; fileRef = 362940802693F18E00B486D2 /* ContentView.swift */; };
		362940832693F19100B486D2 /* Assets.xcassets in Resources */ = {isa = PBXBuildFile; fileRef = 362940822693F19100B486D2 /* Assets.xcassets */; };
		362940862693F19100B486D2 /* Preview Assets.xcassets in Resources */ = {isa = PBXBuildFile; fileRef = 362940852693F19100B486D2 /* Preview Assets.xcassets */; };
		3629408D2693F6CF00B486D2 /* SegundaView.swift in Sources */ = {isa = PBXBuildFile; fileRef = 3629408C2693F6CF00B486D2 /* SegundaView.swift */; };
		3629408F2694B9CA00B486D2 /* PrimeiraView.swift in Sources */ = {isa = PBXBuildFile; fileRef = 3629408E2694B9CA00B486D2 /* PrimeiraView.swift */; };
		362940912694BF5C00B486D2 /* DetalhePrimeiraView.swift in Sources */ = {isa = PBXBuildFile; fileRef = 362940902694BF5C00B486D2 /* DetalhePrimeiraView.swift */; };
/* End PBXBuildFile section */

/* Begin PBXFileReference section */
		3629407B2693F18E00B486D2 /* ViewControllerSwiftUi.app */ = {isa = PBXFileReference; explicitFileType = wrapper.application; includeInIndex = 0; path = ViewControllerSwiftUi.app; sourceTree = BUILT_PRODUCTS_DIR; };
		3629407E2693F18E00B486D2 /* ViewControllerSwiftUiApp.swift */ = {isa = PBXFileReference; lastKnownFileType = sourcecode.swift; path = ViewControllerSwiftUiApp.swift; sourceTree = "<group>"; };
		362940802693F18E00B486D2 /* ContentView.swift */ = {isa = PBXFileReference; lastKnownFileType = sourcecode.swift; path = ContentView.swift; sourceTree = "<group>"; };
		362940822693F19100B486D2 /* Assets.xcassets */ = {isa = PBXFileReference; lastKnownFileType = folder.assetcatalog; path = Assets.xcassets; sourceTree = "<group>"; };
		362940852693F19100B486D2 /* Preview Assets.xcassets */ = {isa = PBXFileReference; lastKnownFileType = folder.assetcatalog; path = "Preview Assets.xcassets"; sourceTree = "<group>"; };
		3629408C2693F6CF00B486D2 /* SegundaView.swift */ = {isa = PBXFileReference; lastKnownFileType = sourcecode.swift; path = SegundaView.swift; sourceTree = "<group>"; };
		3629408E2694B9CA00B486D2 /* PrimeiraView.swift */ = {isa = PBXFileReference; lastKnownFileType = sourcecode.swift; path = PrimeiraView.swift; sourceTree = "<group>"; };
		362940902694BF5C00B486D2 /* DetalhePrimeiraView.swift */ = {isa = PBXFileReference; lastKnownFileType = sourcecode.swift; path = DetalhePrimeiraView.swift; sourceTree = "<group>"; };
/* End PBXFileReference section */

/* Begin PBXFrameworksBuildPhase section */
		362940782693F18E00B486D2 /* Frameworks */ = {
			isa = PBXFrameworksBuildPhase;
			buildActionMask = 2147483647;
			files = (
			);
			runOnlyForDeploymentPostprocessing = 0;
		};
/* End PBXFrameworksBuildPhase section */

/* Begin PBXGroup section */
		362940722693F18E00B486D2 = {
			isa = PBXGroup;
			children = (
				3629407D2693F18E00B486D2 /* ViewControllerSwiftUi */,
				3629407C2693F18E00B486D2 /* Products */,
			);
			sourceTree = "<group>";
		};
		3629407C2693F18E00B486D2 /* Products */ = {
			isa = PBXGroup;
			children = (
				3629407B2693F18E00B486D2 /* ViewControllerSwiftUi.app */,
			);
			name = Products;
			sourceTree = "<group>";
		};
		3629407D2693F18E00B486D2 /* ViewControllerSwiftUi */ = {
			isa = PBXGroup;
			children = (
				3629407E2693F18E00B486D2 /* ViewControllerSwiftUiApp.swift */,
				362940802693F18E00B486D2 /* ContentView.swift */,
				362940902694BF5C00B486D2 /* DetalhePrimeiraView.swift */,
				3629408E2694B9CA00B486D2 /* PrimeiraView.swift */,
				3629408C2693F6CF00B486D2 /* SegundaView.swift */,
				362940822693F19100B486D2 /* Assets.xcassets */,
				362940842693F19100B486D2 /* Preview Content */,
			);
			path = ViewControllerSwiftUi;
			sourceTree = "<group>";
		};
		362940842693F19100B486D2 /* Preview Content */ = {
			isa = PBXGroup;
			children = (
				362940852693F19100B486D2 /* Preview Assets.xcassets */,
			);
			path = "Preview Content";
			sourceTree = "<group>";
		};
/* End PBXGroup section */

/* Begin PBXNativeTarget section */
		3629407A2693F18E00B486D2 /* ViewControllerSwiftUi */ = {
			isa = PBXNativeTarget;
			buildConfigurationList = 362940892693F19100B486D2 /* Build configuration list for PBXNativeTarget "ViewControllerSwiftUi" */;
			buildPhases = (
				362940772693F18E00B486D2 /* Sources */,
				362940782693F18E00B486D2 /* Frameworks */,
				362940792693F18E00B486D2 /* Resources */,
			);
			buildRules = (
			);
			dependencies = (
			);
			name = ViewControllerSwiftUi;
			productName = ViewControllerSwiftUi;
			productReference = 3629407B2693F18E00B486D2 /* ViewControllerSwiftUi.app */;
			productType = "com.apple.product-type.application";
		};
/* End PBXNativeTarget section */

/* Begin PBXProject section */
		362940732693F18E00B486D2 /* Project object */ = {
			isa = PBXProject;
			attributes = {
				BuildIndependentTargetsInParallel = 1;
				LastSwiftUpdateCheck = 1300;
				LastUpgradeCheck = 1300;
				TargetAttributes = {
					3629407A2693F18E00B486D2 = {
						CreatedOnToolsVersion = 13.0;
					};
				};
			};
			buildConfigurationList = 362940762693F18E00B486D2 /* Build configuration list for PBXProject "ViewControllerSwiftUi" */;
			compatibilityVersion = "Xcode 13.0";
			developmentRegion = en;
			hasScannedForEncodings = 0;
			knownRegions = (
				en,
				Base,
			);
			mainGroup = 362940722693F18E00B486D2;
			productRefGroup = 3629407C2693F18E00B486D2 /* Products */;
			projectDirPath = "";
			projectRoot = "";
			targets = (
				3629407A2693F18E00B486D2 /* ViewControllerSwiftUi */,
			);
		};
/* End PBXProject section */

/* Begin PBXResourcesBuildPhase section */
		362940792693F18E00B486D2 /* Resources */ = {
			isa = PBXResourcesBuildPhase;
			buildActionMask = 2147483647;
			files = (
				362940862693F19100B486D2 /* Preview Assets.xcassets in Resources */,
				362940832693F19100B486D2 /* Assets.xcassets in Resources */,
			);
			runOnlyForDeploymentPostprocessing = 0;
		};
/* End PBXResourcesBuildPhase section */

/* Begin PBXSourcesBuildPhase section */
		362940772693F18E00B486D2 /* Sources */ = {
			isa = PBXSourcesBuildPhase;
			buildActionMask = 2147483647;
			files = (
				362940812693F18E00B486D2 /* ContentView.swift in Sources */,
				3629408F2694B9CA00B486D2 /* PrimeiraView.swift in Sources */,
				3629407F2693F18E00B486D2 /* ViewControllerSwiftUiApp.swift in Sources */,
				3629408D2693F6CF00B486D2 /* SegundaView.swift in Sources */,
				362940912694BF5C00B486D2 /* DetalhePrimeiraView.swift in Sources */,
			);
			runOnlyForDeploymentPostprocessing = 0;
		};
/* End PBXSourcesBuildPhase section */

/* Begin XCBuildConfiguration section */
		362940872693F19100B486D2 /* Debug */ = {
			isa = XCBuildConfiguration;
			buildSettings = {
				ALWAYS_SEARCH_USER_PATHS = NO;
				CLANG_ANALYZER_NONNULL = YES;
				CLANG_ANALYZER_NUMBER_OBJECT_CONVERSION = YES_AGGRESSIVE;
				CLANG_CXX_LANGUAGE_STANDARD = "gnu++14";
				CLANG_CXX_LIBRARY = "libc++";
				CLANG_ENABLE_MODULES = YES;
				CLANG_ENABLE_OBJC_ARC = YES;
				CLANG_ENABLE_OBJC_WEAK = YES;
				CLANG_WARN_BLOCK_CAPTURE_AUTORELEASING = YES;
				CLANG_WARN_BOOL_CONVERSION = YES;
				CLANG_WARN_COMMA = YES;
				CLANG_WARN_CONSTANT_CONVERSION = YES;
				CLANG_WARN_DEPRECATED_OBJC_IMPLEMENTATIONS = YES;
				CLANG_WARN_DIRECT_OBJC_ISA_USAGE = YES_ERROR;
				CLANG_WARN_DOCUMENTATION_COMMENTS = YES;
				CLANG_WARN_EMPTY_BODY = YES;
				CLANG_WARN_ENUM_CONVERSION = YES;
				CLANG_WARN_INFINITE_RECURSION = YES;
				CLANG_WARN_INT_CONVERSION = YES;
				CLANG_WARN_NON_LITERAL_NULL_CONVERSION = YES;
				CLANG_WARN_OBJC_IMPLICIT_RETAIN_SELF = YES;
				CLANG_WARN_OBJC_LITERAL_CONVERSION = YES;
				CLANG_WARN_OBJC_ROOT_CLASS = YES_ERROR;
				CLANG_WARN_QUOTED_INCLUDE_IN_FRAMEWORK_HEADER = YES;
				CLANG_WARN_RANGE_LOOP_ANALYSIS = YES;
				CLANG_WARN_STRICT_PROTOTYPES = YES;
				CLANG_WARN_SUSPICIOUS_MOVE = YES;
				CLANG_WARN_UNGUARDED_AVAILABILITY = YES_AGGRESSIVE;
				CLANG_WARN_UNREACHABLE_CODE = YES;
				CLANG_WARN__DUPLICATE_METHOD_MATCH = YES;
				COPY_PHASE_STRIP = NO;
				DEBUG_INFORMATION_FORMAT = dwarf;
				ENABLE_STRICT_OBJC_MSGSEND = YES;
				ENABLE_TESTABILITY = YES;
				GCC_C_LANGUAGE_STANDARD = gnu11;
				GCC_DYNAMIC_NO_PIC = NO;
				GCC_NO_COMMON_BLOCKS = YES;
				GCC_OPTIMIZATION_LEVEL = 0;
				GCC_PREPROCESSOR_DEFINITIONS = (
					"DEBUG=1",
					"$(inherited)",
				);
				GCC_WARN_64_TO_32_BIT_CONVERSION = YES;
				GCC_WARN_ABOUT_RETURN_TYPE = YES_ERROR;
				GCC_WARN_UNDECLARED_SELECTOR = YES;
				GCC_WARN_UNINITIALIZED_AUTOS = YES_AGGRESSIVE;
				GCC_WARN_UNUSED_FUNCTION = YES;
				GCC_WARN_UNUSED_VARIABLE = YES;
				IPHONEOS_DEPLOYMENT_TARGET = 15.0;
				MTL_ENABLE_DEBUG_INFO = INCLUDE_SOURCE;
				MTL_FAST_MATH = YES;
				ONLY_ACTIVE_ARCH = YES;
				SDKROOT = iphoneos;
				SWIFT_ACTIVE_COMPILATION_CONDITIONS = DEBUG;
				SWIFT_OPTIMIZATION_LEVEL = "-Onone";
			};
			name = Debug;
		};
		362940882693F19100B486D2 /* Release */ = {
			isa = XCBuildConfiguration;
			buildSettings = {
				ALWAYS_SEARCH_USER_PATHS = NO;
				CLANG_ANALYZER_NONNULL = YES;
				CLANG_ANALYZER_NUMBER_OBJECT_CONVERSION = YES_AGGRESSIVE;
				CLANG_CXX_LANGUAGE_STANDARD = "gnu++14";
				CLANG_CXX_LIBRARY = "libc++";
				CLANG_ENABLE_MODULES = YES;
				CLANG_ENABLE_OBJC_ARC = YES;
				CLANG_ENABLE_OBJC_WEAK = YES;
				CLANG_WARN_BLOCK_CAPTURE_AUTORELEASING = YES;
				CLANG_WARN_BOOL_CONVERSION = YES;
				CLANG_WARN_COMMA = YES;
				CLANG_WARN_CONSTANT_CONVERSION = YES;
				CLANG_WARN_DEPRECATED_OBJC_IMPLEMENTATIONS = YES;
				CLANG_WARN_DIRECT_OBJC_ISA_USAGE = YES_ERROR;
				CLANG_WARN_DOCUMENTATION_COMMENTS = YES;
				CLANG_WARN_EMPTY_BODY = YES;
				CLANG_WARN_ENUM_CONVERSION = YES;
				CLANG_WARN_INFINITE_RECURSION = YES;
				CLANG_WARN_INT_CONVERSION = YES;
				CLANG_WARN_NON_LITERAL_NULL_CONVERSION = YES;
				CLANG_WARN_OBJC_IMPLICIT_RETAIN_SELF = YES;
				CLANG_WARN_OBJC_LITERAL_CONVERSION = YES;
				CLANG_WARN_OBJC_ROOT_CLASS = YES_ERROR;
				CLANG_WARN_QUOTED_INCLUDE_IN_FRAMEWORK_HEADER = YES;
				CLANG_WARN_RANGE_LOOP_ANALYSIS = YES;
				CLANG_WARN_STRICT_PROTOTYPES = YES;
				CLANG_WARN_SUSPICIOUS_MOVE = YES;
				CLANG_WARN_UNGUARDED_AVAILABILITY = YES_AGGRESSIVE;
				CLANG_WARN_UNREACHABLE_CODE = YES;
				CLANG_WARN__DUPLICATE_METHOD_MATCH = YES;
				COPY_PHASE_STRIP = NO;
				DEBUG_INFORMATION_FORMAT = "dwarf-with-dsym";
				ENABLE_NS_ASSERTIONS = NO;
				ENABLE_STRICT_OBJC_MSGSEND = YES;
				GCC_C_LANGUAGE_STANDARD = gnu11;
				GCC_NO_COMMON_BLOCKS = YES;
				GCC_WARN_64_TO_32_BIT_CONVERSION = YES;
				GCC_WARN_ABOUT_RETURN_TYPE = YES_ERROR;
				GCC_WARN_UNDECLARED_SELECTOR = YES;
				GCC_WARN_UNINITIALIZED_AUTOS = YES_AGGRESSIVE;
				GCC_WARN_UNUSED_FUNCTION = YES;
				GCC_WARN_UNUSED_VARIABLE = YES;
				IPHONEOS_DEPLOYMENT_TARGET = 15.0;
				MTL_ENABLE_DEBUG_INFO = NO;
				MTL_FAST_MATH = YES;
				SDKROOT = iphoneos;
				SWIFT_COMPILATION_MODE = wholemodule;
				SWIFT_OPTIMIZATION_LEVEL = "-O";
				VALIDATE_PRODUCT = YES;
			};
			name = Release;
		};
		3629408A2693F19100B486D2 /* Debug */ = {
			isa = XCBuildConfiguration;
			buildSettings = {
				ASSETCATALOG_COMPILER_APPICON_NAME = AppIcon;
				ASSETCATALOG_COMPILER_GLOBAL_ACCENT_COLOR_NAME = AccentColor;
				CODE_SIGN_STYLE = Automatic;
				CURRENT_PROJECT_VERSION = 1;
				DEVELOPMENT_ASSET_PATHS = "\"ViewControllerSwiftUi/Preview Content\"";
				DEVELOPMENT_TEAM = 8DN7URG34T;
				ENABLE_PREVIEWS = YES;
				GENERATE_INFOPLIST_FILE = YES;
				INFOPLIST_KEY_UIApplicationSceneManifest_Generation = YES;
				INFOPLIST_KEY_UIApplicationSupportsIndirectInputEvents = YES;
				INFOPLIST_KEY_UILaunchScreen_Generation = YES;
				INFOPLIST_KEY_UISupportedInterfaceOrientations_iPad = "UIInterfaceOrientationPortrait UIInterfaceOrientationPortraitUpsideDown UIInterfaceOrientationLandscapeLeft UIInterfaceOrientationLandscapeRight";
				INFOPLIST_KEY_UISupportedInterfaceOrientations_iPhone = "UIInterfaceOrientationPortrait UIInterfaceOrientationLandscapeLeft UIInterfaceOrientationLandscapeRight";
				IPHONEOS_DEPLOYMENT_TARGET = 14.0;
				LD_RUNPATH_SEARCH_PATHS = (
					"$(inherited)",
					"@executable_path/Frameworks",
				);
				MARKETING_VERSION = 1.0;
				PRODUCT_BUNDLE_IDENTIFIER = com.rhinosistemas.ViewControllerSwiftUi;
				PRODUCT_NAME = "$(TARGET_NAME)";
				SWIFT_EMIT_LOC_STRINGS = YES;
				SWIFT_VERSION = 5.0;
				TARGETED_DEVICE_FAMILY = "1,2";
			};
			name = Debug;
		};
		3629408B2693F19100B486D2 /* Release */ = {
			isa = XCBuildConfiguration;
			buildSettings = {
				ASSETCATALOG_COMPILER_APPICON_NAME = AppIcon;
				ASSETCATALOG_COMPILER_GLOBAL_ACCENT_COLOR_NAME = AccentColor;
				CODE_SIGN_STYLE = Automatic;
				CURRENT_PROJECT_VERSION = 1;
				DEVELOPMENT_ASSET_PATHS = "\"ViewControllerSwiftUi/Preview Content\"";
				DEVELOPMENT_TEAM = 8DN7URG34T;
				ENABLE_PREVIEWS = YES;
				GENERATE_INFOPLIST_FILE = YES;
				INFOPLIST_KEY_UIApplicationSceneManifest_Generation = YES;
				INFOPLIST_KEY_UIApplicationSupportsIndirectInputEvents = YES;
				INFOPLIST_KEY_UILaunchScreen_Generation = YES;
				INFOPLIST_KEY_UISupportedInterfaceOrientations_iPad = "UIInterfaceOrientationPortrait UIInterfaceOrientationPortraitUpsideDown UIInterfaceOrientationLandscapeLeft UIInterfaceOrientationLandscapeRight";
				INFOPLIST_KEY_UISupportedInterfaceOrientations_iPhone = "UIInterfaceOrientationPortrait UIInterfaceOrientationLandscapeLeft UIInterfaceOrientationLandscapeRight";
				IPHONEOS_DEPLOYMENT_TARGET = 14.0;
				LD_RUNPATH_SEARCH_PATHS = (
					"$(inherited)",
					"@executable_path/Frameworks",
				);
				MARKETING_VERSION = 1.0;
				PRODUCT_BUNDLE_IDENTIFIER = com.rhinosistemas.ViewControllerSwiftUi;
				PRODUCT_NAME = "$(TARGET_NAME)";
				SWIFT_EMIT_LOC_STRINGS = YES;
				SWIFT_VERSION = 5.0;
				TARGETED_DEVICE_FAMILY = "1,2";
			};
			name = Release;
		};
/* End XCBuildConfiguration section */

/* Begin XCConfigurationList section */
		362940762693F18E00B486D2 /* Build configuration list for PBXProject "ViewControllerSwiftUi" */ = {
			isa = XCConfigurationList;
			buildConfigurations = (
				362940872693F19100B486D2 /* Debug */,
				362940882693F19100B486D2 /* Release */,
			);
			defaultConfigurationIsVisible = 0;
			defaultConfigurationName = Release;
		};
		362940892693F19100B486D2 /* Build configuration list for PBXNativeTarget "ViewControllerSwiftUi" */ = {
			isa = XCConfigurationList;
			buildConfigurations = (
				3629408A2693F19100B486D2 /* Debug */,
				3629408B2693F19100B486D2 /* Release */,
			);
			defaultConfigurationIsVisible = 0;
			defaultConfigurationName = Release;
		};
/* End XCConfigurationList section */
	};
	rootObject = 362940732693F18E00B486D2 /* Project object */;
}
